
Microsoft Visual Studio Solution File, Format Version 12.00
# Visual Studio Version 17
VisualStudioVersion = 17.8.34511.84
MinimumVisualStudioVersion = 10.0.40219.1
Project("{FAE04EC0-301F-11D3-BF4B-00C04F79EFBC}") = "DapperDemo", "DapperDemo\DapperDemo.csproj", "{37E7CCD4-1D8A-43F7-A0D5-5F27BF9C4422}"
EndProject
Global
	GlobalSection(SolutionConfigurationPlatforms) = preSolution
		Debug|Any CPU = Debug|Any CPU
		Release|Any CPU = Release|Any CPU
	EndGlobalSection
	GlobalSection(ProjectConfigurationPlatforms) = postSolution
		{37E7CCD4-1D8A-43F7-A0D5-5F27BF9C4422}.Debug|Any CPU.ActiveCfg = Debug|Any CPU
		{37E7CCD4-1D8A-43F7-A0D5-5F27BF9C4422}.Debug|Any CPU.Build.0 = Debug|Any CPU
		{37E7CCD4-1D8A-43F7-A0D5-5F27BF9C4422}.Release|Any CPU.ActiveCfg = Release|Any CPU
		{37E7CCD4-1D8A-43F7-A0D5-5F27BF9C4422}.Release|Any CPU.Build.0 = Release|Any CPU
	EndGlobalSection
	GlobalSection(SolutionProperties) = preSolution
		HideSolutionNode = FALSE
	EndGlobalSection
	GlobalSection(ExtensibilityGlobals) = postSolution
		SolutionGuid = {6D8308F8-73FA-49C5-9998-B4757482AE78}
	EndGlobalSection
EndGlobal
